
Microsoft Visual Studio Solution File, Format Version 12.00
# Visual Studio Version 17
VisualStudioVersion = 17.7.34031.279
MinimumVisualStudioVersion = 10.0.40219.1
Project("{888888A0-9F3D-457C-B088-3A5042F75D52}") = "Lab7_Python", "Lab7_Python\Lab7_Python.pyproj", "{EA43D83C-BD15-4ACC-9D6C-C246CD5EA483}"
EndProject
Global
	GlobalSection(SolutionConfigurationPlatforms) = preSolution
		Debug|Any CPU = Debug|Any CPU
		Release|Any CPU = Release|Any CPU
	EndGlobalSection
	GlobalSection(ProjectConfigurationPlatforms) = postSolution
		{EA43D83C-BD15-4ACC-9D6C-C246CD5EA483}.Debug|Any CPU.ActiveCfg = Debug|Any CPU
		{EA43D83C-BD15-4ACC-9D6C-C246CD5EA483}.Release|Any CPU.ActiveCfg = Release|Any CPU
	EndGlobalSection
	GlobalSection(SolutionProperties) = preSolution
		HideSolutionNode = FALSE
	EndGlobalSection
	GlobalSection(ExtensibilityGlobals) = postSolution
		SolutionGuid = {DD3D7AB2-3BB6-4CF1-81B0-7CFF264B345E}
	EndGlobalSection
EndGlobal
